# This file is automatically @generated by Cargo.
# It is not intended for manual editing.
version = 3

[[package]]
name = "delaunator"
version = "1.0.1"
source = "registry+https://github.com/rust-lang/crates.io-index"
checksum = "8e32042579f09a195d194307fdb2f7db196a960f33f0ceb6f00af11c306cb6c2"
dependencies = [
 "robust",
]

[[package]]
name = "ekolu"
version = "0.1.0"
dependencies = [
 "delaunator",
]

[[package]]
name = "robust"
version = "0.2.3"
source = "registry+https://github.com/rust-lang/crates.io-index"
checksum = "e5864e7ef1a6b7bcf1d6ca3f655e65e724ed3b52546a0d0a663c991522f552ea"
